// !$*UTF8*$!
{
	archiveVersion = 1;
	classes = {
	};
	objectVersion = 50;
	objects = {

/* Begin PBXBuildFile section */
		52633BE1234C280F007279A9 /* AppDelegate.swift in Sources */ = {isa = PBXBuildFile; fileRef = 52633BE0234C280F007279A9 /* AppDelegate.swift */; };
		52633BE3234C280F007279A9 /* SceneDelegate.swift in Sources */ = {isa = PBXBuildFile; fileRef = 52633BE2234C280F007279A9 /* SceneDelegate.swift */; };
		52633BE5234C280F007279A9 /* ViewController.swift in Sources */ = {isa = PBXBuildFile; fileRef = 52633BE4234C280F007279A9 /* ViewController.swift */; };
		52633BE8234C280F007279A9 /* Main.storyboard in Resources */ = {isa = PBXBuildFile; fileRef = 52633BE6234C280F007279A9 /* Main.storyboard */; };
		52633BEA234C2812007279A9 /* Assets.xcassets in Resources */ = {isa = PBXBuildFile; fileRef = 52633BE9234C2812007279A9 /* Assets.xcassets */; };
		52633BED234C2812007279A9 /* LaunchScreen.storyboard in Resources */ = {isa = PBXBuildFile; fileRef = 52633BEB234C2812007279A9 /* LaunchScreen.storyboard */; };
		52633BF8234C28FF007279A9 /* signUpVC.swift in Sources */ = {isa = PBXBuildFile; fileRef = 52633BF7234C28FF007279A9 /* signUpVC.swift */; };
		52633BFA234C2909007279A9 /* resultVC.swift in Sources */ = {isa = PBXBuildFile; fileRef = 52633BF9234C2909007279A9 /* resultVC.swift */; };
/* End PBXBuildFile section */

/* Begin PBXFileReference section */
		52633BDD234C280F007279A9 /* signUpExample.app */ = {isa = PBXFileReference; explicitFileType = wrapper.application; includeInIndex = 0; path = signUpExample.app; sourceTree = BUILT_PRODUCTS_DIR; };
		52633BE0234C280F007279A9 /* AppDelegate.swift */ = {isa = PBXFileReference; lastKnownFileType = sourcecode.swift; path = AppDelegate.swift; sourceTree = "<group>"; };
		52633BE2234C280F007279A9 /* SceneDelegate.swift */ = {isa = PBXFileReference; lastKnownFileType = sourcecode.swift; path = SceneDelegate.swift; sourceTree = "<group>"; };
		52633BE4234C280F007279A9 /* ViewController.swift */ = {isa = PBXFileReference; lastKnownFileType = sourcecode.swift; path = ViewController.swift; sourceTree = "<group>"; };
		52633BE7234C280F007279A9 /* Base */ = {isa = PBXFileReference; lastKnownFileType = file.storyboard; name = Base; path = Base.lproj/Main.storyboard; sourceTree = "<group>"; };
		52633BE9234C2812007279A9 /* Assets.xcassets */ = {isa = PBXFileReference; lastKnownFileType = folder.assetcatalog; path = Assets.xcassets; sourceTree = "<group>"; };
		52633BEC234C2812007279A9 /* Base */ = {isa = PBXFileReference; lastKnownFileType = file.storyboard; name = Base; path = Base.lproj/LaunchScreen.storyboard; sourceTree = "<group>"; };
		52633BEE234C2812007279A9 /* Info.plist */ = {isa = PBXFileReference; lastKnownFileType = text.plist.xml; path = Info.plist; sourceTree = "<group>"; };
		52633BF7234C28FF007279A9 /* signUpVC.swift */ = {isa = PBXFileReference; lastKnownFileType = sourcecode.swift; path = signUpVC.swift; sourceTree = "<group>"; };
		52633BF9234C2909007279A9 /* resultVC.swift */ = {isa = PBXFileReference; lastKnownFileType = sourcecode.swift; path = resultVC.swift; sourceTree = "<group>"; };
/* End PBXFileReference section */

/* Begin PBXFrameworksBuildPhase section */
		52633BDA234C280F007279A9 /* Frameworks */ = {
			isa = PBXFrameworksBuildPhase;
			buildActionMask = 2147483647;
			files = (
			);
			runOnlyForDeploymentPostprocessing = 0;
		};
/* End PBXFrameworksBuildPhase section */

/* Begin PBXGroup section */
		52633BD4234C280F007279A9 = {
			isa = PBXGroup;
			children = (
				52633BDF234C280F007279A9 /* signUpExample */,
				52633BDE234C280F007279A9 /* Products */,
			);
			sourceTree = "<group>";
		};
		52633BDE234C280F007279A9 /* Products */ = {
			isa = PBXGroup;
			children = (
				52633BDD234C280F007279A9 /* signUpExample.app */,
			);
			name = Products;
			sourceTree = "<group>";
		};
		52633BDF234C280F007279A9 /* signUpExample */ = {
			isa = PBXGroup;
			children = (
				52633BF5234C2828007279A9 /* Resources */,
				52633BF4234C281A007279A9 /* Sources */,
				52633BEE234C2812007279A9 /* Info.plist */,
			);
			path = signUpExample;
			sourceTree = "<group>";
		};
		52633BF4234C281A007279A9 /* Sources */ = {
			isa = PBXGroup;
			children = (
				52633BF6234C2830007279A9 /* ViewControllers */,
				52633BE0234C280F007279A9 /* AppDelegate.swift */,
				52633BE2234C280F007279A9 /* SceneDelegate.swift */,
			);
			path = Sources;
			sourceTree = "<group>";
		};
		52633BF5234C2828007279A9 /* Resources */ = {
			isa = PBXGroup;
			children = (
				52633BE6234C280F007279A9 /* Main.storyboard */,
				52633BE9234C2812007279A9 /* Assets.xcassets */,
				52633BEB234C2812007279A9 /* LaunchScreen.storyboard */,
			);
			path = Resources;
			sourceTree = "<group>";
		};
		52633BF6234C2830007279A9 /* ViewControllers */ = {
			isa = PBXGroup;
			children = (
				52633BE4234C280F007279A9 /* ViewController.swift */,
				52633BF7234C28FF007279A9 /* signUpVC.swift */,
				52633BF9234C2909007279A9 /* resultVC.swift */,
			);
			path = ViewControllers;
			sourceTree = "<group>";
		};
/* End PBXGroup section */

/* Begin PBXNativeTarget section */
		52633BDC234C280F007279A9 /* signUpExample */ = {
			isa = PBXNativeTarget;
			buildConfigurationList = 52633BF1234C2812007279A9 /* Build configuration list for PBXNativeTarget "signUpExample" */;
			buildPhases = (
				52633BD9234C280F007279A9 /* Sources */,
				52633BDA234C280F007279A9 /* Frameworks */,
				52633BDB234C280F007279A9 /* Resources */,
			);
			buildRules = (
			);
			dependencies = (
			);
			name = signUpExample;
			productName = signUpExample;
			productReference = 52633BDD234C280F007279A9 /* signUpExample.app */;
			productType = "com.apple.product-type.application";
		};
/* End PBXNativeTarget section */

/* Begin PBXProject section */
		52633BD5234C280F007279A9 /* Project object */ = {
			isa = PBXProject;
			attributes = {
				LastSwiftUpdateCheck = 1100;
				LastUpgradeCheck = 1100;
				ORGANIZATIONNAME = "김현지";
				TargetAttributes = {
					52633BDC234C280F007279A9 = {
						CreatedOnToolsVersion = 11.0;
					};
				};
			};
			buildConfigurationList = 52633BD8234C280F007279A9 /* Build configuration list for PBXProject "signUpExample" */;
			compatibilityVersion = "Xcode 9.3";
			developmentRegion = en;
			hasScannedForEncodings = 0;
			knownRegions = (
				en,
				Base,
			);
			mainGroup = 52633BD4234C280F007279A9;
			productRefGroup = 52633BDE234C280F007279A9 /* Products */;
			projectDirPath = "";
			projectRoot = "";
			targets = (
				52633BDC234C280F007279A9 /* signUpExample */,
			);
		};
/* End PBXProject section */

/* Begin PBXResourcesBuildPhase section */
		52633BDB234C280F007279A9 /* Resources */ = {
			isa = PBXResourcesBuildPhase;
			buildActionMask = 2147483647;
			files = (
				52633BED234C2812007279A9 /* LaunchScreen.storyboard in Resources */,
				52633BEA234C2812007279A9 /* Assets.xcassets in Resources */,
				52633BE8234C280F007279A9 /* Main.storyboard in Resources */,
			);
			runOnlyForDeploymentPostprocessing = 0;
		};
/* End PBXResourcesBuildPhase section */

/* Begin PBXSourcesBuildPhase section */
		52633BD9234C280F007279A9 /* Sources */ = {
			isa = PBXSourcesBuildPhase;
			buildActionMask = 2147483647;
			files = (
				52633BFA234C2909007279A9 /* resultVC.swift in Sources */,
				52633BF8234C28FF007279A9 /* signUpVC.swift in Sources */,
				52633BE5234C280F007279A9 /* ViewController.swift in Sources */,
				52633BE1234C280F007279A9 /* AppDelegate.swift in Sources */,
				52633BE3234C280F007279A9 /* SceneDelegate.swift in Sources */,
			);
			runOnlyForDeploymentPostprocessing = 0;
		};
/* End PBXSourcesBuildPhase section */

/* Begin PBXVariantGroup section */
		52633BE6234C280F007279A9 /* Main.storyboard */ = {
			isa = PBXVariantGroup;
			children = (
				52633BE7234C280F007279A9 /* Base */,
			);
			name = Main.storyboard;
			sourceTree = "<group>";
		};
		52633BEB234C2812007279A9 /* LaunchScreen.storyboard */ = {
			isa = PBXVariantGroup;
			children = (
				52633BEC234C2812007279A9 /* Base */,
			);
			name = LaunchScreen.storyboard;
			sourceTree = "<group>";
		};
/* End PBXVariantGroup section */

/* Begin XCBuildConfiguration section */
		52633BEF234C2812007279A9 /* Debug */ = {
			isa = XCBuildConfiguration;
			buildSettings = {
				ALWAYS_SEARCH_USER_PATHS = NO;
				CLANG_ANALYZER_NONNULL = YES;
				CLANG_ANALYZER_NUMBER_OBJECT_CONVERSION = YES_AGGRESSIVE;
				CLANG_CXX_LANGUAGE_STANDARD = "gnu++14";
				CLANG_CXX_LIBRARY = "libc++";
				CLANG_ENABLE_MODULES = YES;
				CLANG_ENABLE_OBJC_ARC = YES;
				CLANG_ENABLE_OBJC_WEAK = YES;
				CLANG_WARN_BLOCK_CAPTURE_AUTORELEASING = YES;
				CLANG_WARN_BOOL_CONVERSION = YES;
				CLANG_WARN_COMMA = YES;
				CLANG_WARN_CONSTANT_CONVERSION = YES;
				CLANG_WARN_DEPRECATED_OBJC_IMPLEMENTATIONS = YES;
				CLANG_WARN_DIRECT_OBJC_ISA_USAGE = YES_ERROR;
				CLANG_WARN_DOCUMENTATION_COMMENTS = YES;
				CLANG_WARN_EMPTY_BODY = YES;
				CLANG_WARN_ENUM_CONVERSION = YES;
				CLANG_WARN_INFINITE_RECURSION = YES;
				CLANG_WARN_INT_CONVERSION = YES;
				CLANG_WARN_NON_LITERAL_NULL_CONVERSION = YES;
				CLANG_WARN_OBJC_IMPLICIT_RETAIN_SELF = YES;
				CLANG_WARN_OBJC_LITERAL_CONVERSION = YES;
				CLANG_WARN_OBJC_ROOT_CLASS = YES_ERROR;
				CLANG_WARN_RANGE_LOOP_ANALYSIS = YES;
				CLANG_WARN_STRICT_PROTOTYPES = YES;
				CLANG_WARN_SUSPICIOUS_MOVE = YES;
				CLANG_WARN_UNGUARDED_AVAILABILITY = YES_AGGRESSIVE;
				CLANG_WARN_UNREACHABLE_CODE = YES;
				CLANG_WARN__DUPLICATE_METHOD_MATCH = YES;
				COPY_PHASE_STRIP = NO;
				DEBUG_INFORMATION_FORMAT = dwarf;
				ENABLE_STRICT_OBJC_MSGSEND = YES;
				ENABLE_TESTABILITY = YES;
				GCC_C_LANGUAGE_STANDARD = gnu11;
				GCC_DYNAMIC_NO_PIC = NO;
				GCC_NO_COMMON_BLOCKS = YES;
				GCC_OPTIMIZATION_LEVEL = 0;
				GCC_PREPROCESSOR_DEFINITIONS = (
					"DEBUG=1",
					"$(inherited)",
				);
				GCC_WARN_64_TO_32_BIT_CONVERSION = YES;
				GCC_WARN_ABOUT_RETURN_TYPE = YES_ERROR;
				GCC_WARN_UNDECLARED_SELECTOR = YES;
				GCC_WARN_UNINITIALIZED_AUTOS = YES_AGGRESSIVE;
				GCC_WARN_UNUSED_FUNCTION = YES;
				GCC_WARN_UNUSED_VARIABLE = YES;
				IPHONEOS_DEPLOYMENT_TARGET = 13.0;
				MTL_ENABLE_DEBUG_INFO = INCLUDE_SOURCE;
				MTL_FAST_MATH = YES;
				ONLY_ACTIVE_ARCH = YES;
				SDKROOT = iphoneos;
				SWIFT_ACTIVE_COMPILATION_CONDITIONS = DEBUG;
				SWIFT_OPTIMIZATION_LEVEL = "-Onone";
			};
			name = Debug;
		};
		52633BF0234C2812007279A9 /* Release */ = {
			isa = XCBuildConfiguration;
			buildSettings = {
				ALWAYS_SEARCH_USER_PATHS = NO;
				CLANG_ANALYZER_NONNULL = YES;
				CLANG_ANALYZER_NUMBER_OBJECT_CONVERSION = YES_AGGRESSIVE;
				CLANG_CXX_LANGUAGE_STANDARD = "gnu++14";
				CLANG_CXX_LIBRARY = "libc++";
				CLANG_ENABLE_MODULES = YES;
				CLANG_ENABLE_OBJC_ARC = YES;
				CLANG_ENABLE_OBJC_WEAK = YES;
				CLANG_WARN_BLOCK_CAPTURE_AUTORELEASING = YES;
				CLANG_WARN_BOOL_CONVERSION = YES;
				CLANG_WARN_COMMA = YES;
				CLANG_WARN_CONSTANT_CONVERSION = YES;
				CLANG_WARN_DEPRECATED_OBJC_IMPLEMENTATIONS = YES;
				CLANG_WARN_DIRECT_OBJC_ISA_USAGE = YES_ERROR;
				CLANG_WARN_DOCUMENTATION_COMMENTS = YES;
				CLANG_WARN_EMPTY_BODY = YES;
				CLANG_WARN_ENUM_CONVERSION = YES;
				CLANG_WARN_INFINITE_RECURSION = YES;
				CLANG_WARN_INT_CONVERSION = YES;
				CLANG_WARN_NON_LITERAL_NULL_CONVERSION = YES;
				CLANG_WARN_OBJC_IMPLICIT_RETAIN_SELF = YES;
				CLANG_WARN_OBJC_LITERAL_CONVERSION = YES;
				CLANG_WARN_OBJC_ROOT_CLASS = YES_ERROR;
				CLANG_WARN_RANGE_LOOP_ANALYSIS = YES;
				CLANG_WARN_STRICT_PROTOTYPES = YES;
				CLANG_WARN_SUSPICIOUS_MOVE = YES;
				CLANG_WARN_UNGUARDED_AVAILABILITY = YES_AGGRESSIVE;
				CLANG_WARN_UNREACHABLE_CODE = YES;
				CLANG_WARN__DUPLICATE_METHOD_MATCH = YES;
				COPY_PHASE_STRIP = NO;
				DEBUG_INFORMATION_FORMAT = "dwarf-with-dsym";
				ENABLE_NS_ASSERTIONS = NO;
				ENABLE_STRICT_OBJC_MSGSEND = YES;
				GCC_C_LANGUAGE_STANDARD = gnu11;
				GCC_NO_COMMON_BLOCKS = YES;
				GCC_WARN_64_TO_32_BIT_CONVERSION = YES;
				GCC_WARN_ABOUT_RETURN_TYPE = YES_ERROR;
				GCC_WARN_UNDECLARED_SELECTOR = YES;
				GCC_WARN_UNINITIALIZED_AUTOS = YES_AGGRESSIVE;
				GCC_WARN_UNUSED_FUNCTION = YES;
				GCC_WARN_UNUSED_VARIABLE = YES;
				IPHONEOS_DEPLOYMENT_TARGET = 13.0;
				MTL_ENABLE_DEBUG_INFO = NO;
				MTL_FAST_MATH = YES;
				SDKROOT = iphoneos;
				SWIFT_COMPILATION_MODE = wholemodule;
				SWIFT_OPTIMIZATION_LEVEL = "-O";
				VALIDATE_PRODUCT = YES;
			};
			name = Release;
		};
		52633BF2234C2812007279A9 /* Debug */ = {
			isa = XCBuildConfiguration;
			buildSettings = {
				ASSETCATALOG_COMPILER_APPICON_NAME = AppIcon;
				CODE_SIGN_STYLE = Automatic;
				DEVELOPMENT_TEAM = CYJWF25337;
				INFOPLIST_FILE = signUpExample/Info.plist;
				LD_RUNPATH_SEARCH_PATHS = (
					"$(inherited)",
					"@executable_path/Frameworks",
				);
				PRODUCT_BUNDLE_IDENTIFIER = com.hyunji.signUpExample;
				PRODUCT_NAME = "$(TARGET_NAME)";
				SWIFT_VERSION = 5.0;
				TARGETED_DEVICE_FAMILY = "1,2";
			};
			name = Debug;
		};
		52633BF3234C2812007279A9 /* Release */ = {
			isa = XCBuildConfiguration;
			buildSettings = {
				ASSETCATALOG_COMPILER_APPICON_NAME = AppIcon;
				CODE_SIGN_STYLE = Automatic;
				DEVELOPMENT_TEAM = CYJWF25337;
				INFOPLIST_FILE = signUpExample/Info.plist;
				LD_RUNPATH_SEARCH_PATHS = (
					"$(inherited)",
					"@executable_path/Frameworks",
				);
				PRODUCT_BUNDLE_IDENTIFIER = com.hyunji.signUpExample;
				PRODUCT_NAME = "$(TARGET_NAME)";
				SWIFT_VERSION = 5.0;
				TARGETED_DEVICE_FAMILY = "1,2";
			};
			name = Release;
		};
/* End XCBuildConfiguration section */

/* Begin XCConfigurationList section */
		52633BD8234C280F007279A9 /* Build configuration list for PBXProject "signUpExample" */ = {
			isa = XCConfigurationList;
			buildConfigurations = (
				52633BEF234C2812007279A9 /* Debug */,
				52633BF0234C2812007279A9 /* Release */,
			);
			defaultConfigurationIsVisible = 0;
			defaultConfigurationName = Release;
		};
		52633BF1234C2812007279A9 /* Build configuration list for PBXNativeTarget "signUpExample" */ = {
			isa = XCConfigurationList;
			buildConfigurations = (
				52633BF2234C2812007279A9 /* Debug */,
				52633BF3234C2812007279A9 /* Release */,
			);
			defaultConfigurationIsVisible = 0;
			defaultConfigurationName = Release;
		};
/* End XCConfigurationList section */
	};
	rootObject = 52633BD5234C280F007279A9 /* Project object */;
}
