// !$*UTF8*$!
{
	archiveVersion = 1;
	classes = {
	};
	objectVersion = 50;
	objects = {

/* Begin PBXBuildFile section */
		524C6CEF2346FD5C00D61F32 /* AppDelegate.swift in Sources */ = {isa = PBXBuildFile; fileRef = 524C6CEE2346FD5C00D61F32 /* AppDelegate.swift */; };
		524C6CF12346FD5C00D61F32 /* SceneDelegate.swift in Sources */ = {isa = PBXBuildFile; fileRef = 524C6CF02346FD5C00D61F32 /* SceneDelegate.swift */; };
		524C6CF32346FD5C00D61F32 /* ViewController.swift in Sources */ = {isa = PBXBuildFile; fileRef = 524C6CF22346FD5C00D61F32 /* ViewController.swift */; };
		524C6CF62346FD5C00D61F32 /* Main.storyboard in Resources */ = {isa = PBXBuildFile; fileRef = 524C6CF42346FD5C00D61F32 /* Main.storyboard */; };
		524C6CF82346FD6100D61F32 /* Assets.xcassets in Resources */ = {isa = PBXBuildFile; fileRef = 524C6CF72346FD6100D61F32 /* Assets.xcassets */; };
		524C6CFB2346FD6100D61F32 /* LaunchScreen.storyboard in Resources */ = {isa = PBXBuildFile; fileRef = 524C6CF92346FD6100D61F32 /* LaunchScreen.storyboard */; };
/* End PBXBuildFile section */

/* Begin PBXFileReference section */
		524C6CEB2346FD5C00D61F32 /* changeBtn.app */ = {isa = PBXFileReference; explicitFileType = wrapper.application; includeInIndex = 0; path = changeBtn.app; sourceTree = BUILT_PRODUCTS_DIR; };
		524C6CEE2346FD5C00D61F32 /* AppDelegate.swift */ = {isa = PBXFileReference; lastKnownFileType = sourcecode.swift; path = AppDelegate.swift; sourceTree = "<group>"; };
		524C6CF02346FD5C00D61F32 /* SceneDelegate.swift */ = {isa = PBXFileReference; lastKnownFileType = sourcecode.swift; path = SceneDelegate.swift; sourceTree = "<group>"; };
		524C6CF22346FD5C00D61F32 /* ViewController.swift */ = {isa = PBXFileReference; lastKnownFileType = sourcecode.swift; path = ViewController.swift; sourceTree = "<group>"; };
		524C6CF52346FD5C00D61F32 /* Base */ = {isa = PBXFileReference; lastKnownFileType = file.storyboard; name = Base; path = Base.lproj/Main.storyboard; sourceTree = "<group>"; };
		524C6CF72346FD6100D61F32 /* Assets.xcassets */ = {isa = PBXFileReference; lastKnownFileType = folder.assetcatalog; path = Assets.xcassets; sourceTree = "<group>"; };
		524C6CFA2346FD6100D61F32 /* Base */ = {isa = PBXFileReference; lastKnownFileType = file.storyboard; name = Base; path = Base.lproj/LaunchScreen.storyboard; sourceTree = "<group>"; };
		524C6CFC2346FD6100D61F32 /* Info.plist */ = {isa = PBXFileReference; lastKnownFileType = text.plist.xml; path = Info.plist; sourceTree = "<group>"; };
/* End PBXFileReference section */

/* Begin PBXFrameworksBuildPhase section */
		524C6CE82346FD5C00D61F32 /* Frameworks */ = {
			isa = PBXFrameworksBuildPhase;
			buildActionMask = 2147483647;
			files = (
			);
			runOnlyForDeploymentPostprocessing = 0;
		};
/* End PBXFrameworksBuildPhase section */

/* Begin PBXGroup section */
		524C6CE22346FD5C00D61F32 = {
			isa = PBXGroup;
			children = (
				524C6CED2346FD5C00D61F32 /* changeBtn */,
				524C6CEC2346FD5C00D61F32 /* Products */,
			);
			sourceTree = "<group>";
		};
		524C6CEC2346FD5C00D61F32 /* Products */ = {
			isa = PBXGroup;
			children = (
				524C6CEB2346FD5C00D61F32 /* changeBtn.app */,
			);
			name = Products;
			sourceTree = "<group>";
		};
		524C6CED2346FD5C00D61F32 /* changeBtn */ = {
			isa = PBXGroup;
			children = (
				524C6D042346FD8900D61F32 /* Resources */,
				524C6D022346FD7600D61F32 /* Sources */,
				524C6CFC2346FD6100D61F32 /* Info.plist */,
			);
			path = changeBtn;
			sourceTree = "<group>";
		};
		524C6D022346FD7600D61F32 /* Sources */ = {
			isa = PBXGroup;
			children = (
				524C6D032346FD7F00D61F32 /* ViewControllers */,
				524C6CEE2346FD5C00D61F32 /* AppDelegate.swift */,
				524C6CF02346FD5C00D61F32 /* SceneDelegate.swift */,
			);
			path = Sources;
			sourceTree = "<group>";
		};
		524C6D032346FD7F00D61F32 /* ViewControllers */ = {
			isa = PBXGroup;
			children = (
				524C6CF22346FD5C00D61F32 /* ViewController.swift */,
			);
			path = ViewControllers;
			sourceTree = "<group>";
		};
		524C6D042346FD8900D61F32 /* Resources */ = {
			isa = PBXGroup;
			children = (
				524C6CF42346FD5C00D61F32 /* Main.storyboard */,
				524C6CF72346FD6100D61F32 /* Assets.xcassets */,
				524C6CF92346FD6100D61F32 /* LaunchScreen.storyboard */,
			);
			path = Resources;
			sourceTree = "<group>";
		};
/* End PBXGroup section */

/* Begin PBXNativeTarget section */
		524C6CEA2346FD5C00D61F32 /* changeBtn */ = {
			isa = PBXNativeTarget;
			buildConfigurationList = 524C6CFF2346FD6100D61F32 /* Build configuration list for PBXNativeTarget "changeBtn" */;
			buildPhases = (
				524C6CE72346FD5C00D61F32 /* Sources */,
				524C6CE82346FD5C00D61F32 /* Frameworks */,
				524C6CE92346FD5C00D61F32 /* Resources */,
			);
			buildRules = (
			);
			dependencies = (
			);
			name = changeBtn;
			productName = changeBtn;
			productReference = 524C6CEB2346FD5C00D61F32 /* changeBtn.app */;
			productType = "com.apple.product-type.application";
		};
/* End PBXNativeTarget section */

/* Begin PBXProject section */
		524C6CE32346FD5C00D61F32 /* Project object */ = {
			isa = PBXProject;
			attributes = {
				LastSwiftUpdateCheck = 1100;
				LastUpgradeCheck = 1100;
				ORGANIZATIONNAME = "김현지";
				TargetAttributes = {
					524C6CEA2346FD5C00D61F32 = {
						CreatedOnToolsVersion = 11.0;
					};
				};
			};
			buildConfigurationList = 524C6CE62346FD5C00D61F32 /* Build configuration list for PBXProject "changeBtn" */;
			compatibilityVersion = "Xcode 9.3";
			developmentRegion = en;
			hasScannedForEncodings = 0;
			knownRegions = (
				en,
				Base,
			);
			mainGroup = 524C6CE22346FD5C00D61F32;
			productRefGroup = 524C6CEC2346FD5C00D61F32 /* Products */;
			projectDirPath = "";
			projectRoot = "";
			targets = (
				524C6CEA2346FD5C00D61F32 /* changeBtn */,
			);
		};
/* End PBXProject section */

/* Begin PBXResourcesBuildPhase section */
		524C6CE92346FD5C00D61F32 /* Resources */ = {
			isa = PBXResourcesBuildPhase;
			buildActionMask = 2147483647;
			files = (
				524C6CFB2346FD6100D61F32 /* LaunchScreen.storyboard in Resources */,
				524C6CF82346FD6100D61F32 /* Assets.xcassets in Resources */,
				524C6CF62346FD5C00D61F32 /* Main.storyboard in Resources */,
			);
			runOnlyForDeploymentPostprocessing = 0;
		};
/* End PBXResourcesBuildPhase section */

/* Begin PBXSourcesBuildPhase section */
		524C6CE72346FD5C00D61F32 /* Sources */ = {
			isa = PBXSourcesBuildPhase;
			buildActionMask = 2147483647;
			files = (
				524C6CF32346FD5C00D61F32 /* ViewController.swift in Sources */,
				524C6CEF2346FD5C00D61F32 /* AppDelegate.swift in Sources */,
				524C6CF12346FD5C00D61F32 /* SceneDelegate.swift in Sources */,
			);
			runOnlyForDeploymentPostprocessing = 0;
		};
/* End PBXSourcesBuildPhase section */

/* Begin PBXVariantGroup section */
		524C6CF42346FD5C00D61F32 /* Main.storyboard */ = {
			isa = PBXVariantGroup;
			children = (
				524C6CF52346FD5C00D61F32 /* Base */,
			);
			name = Main.storyboard;
			sourceTree = "<group>";
		};
		524C6CF92346FD6100D61F32 /* LaunchScreen.storyboard */ = {
			isa = PBXVariantGroup;
			children = (
				524C6CFA2346FD6100D61F32 /* Base */,
			);
			name = LaunchScreen.storyboard;
			sourceTree = "<group>";
		};
/* End PBXVariantGroup section */

/* Begin XCBuildConfiguration section */
		524C6CFD2346FD6100D61F32 /* Debug */ = {
			isa = XCBuildConfiguration;
			buildSettings = {
				ALWAYS_SEARCH_USER_PATHS = NO;
				CLANG_ANALYZER_NONNULL = YES;
				CLANG_ANALYZER_NUMBER_OBJECT_CONVERSION = YES_AGGRESSIVE;
				CLANG_CXX_LANGUAGE_STANDARD = "gnu++14";
				CLANG_CXX_LIBRARY = "libc++";
				CLANG_ENABLE_MODULES = YES;
				CLANG_ENABLE_OBJC_ARC = YES;
				CLANG_ENABLE_OBJC_WEAK = YES;
				CLANG_WARN_BLOCK_CAPTURE_AUTORELEASING = YES;
				CLANG_WARN_BOOL_CONVERSION = YES;
				CLANG_WARN_COMMA = YES;
				CLANG_WARN_CONSTANT_CONVERSION = YES;
				CLANG_WARN_DEPRECATED_OBJC_IMPLEMENTATIONS = YES;
				CLANG_WARN_DIRECT_OBJC_ISA_USAGE = YES_ERROR;
				CLANG_WARN_DOCUMENTATION_COMMENTS = YES;
				CLANG_WARN_EMPTY_BODY = YES;
				CLANG_WARN_ENUM_CONVERSION = YES;
				CLANG_WARN_INFINITE_RECURSION = YES;
				CLANG_WARN_INT_CONVERSION = YES;
				CLANG_WARN_NON_LITERAL_NULL_CONVERSION = YES;
				CLANG_WARN_OBJC_IMPLICIT_RETAIN_SELF = YES;
				CLANG_WARN_OBJC_LITERAL_CONVERSION = YES;
				CLANG_WARN_OBJC_ROOT_CLASS = YES_ERROR;
				CLANG_WARN_RANGE_LOOP_ANALYSIS = YES;
				CLANG_WARN_STRICT_PROTOTYPES = YES;
				CLANG_WARN_SUSPICIOUS_MOVE = YES;
				CLANG_WARN_UNGUARDED_AVAILABILITY = YES_AGGRESSIVE;
				CLANG_WARN_UNREACHABLE_CODE = YES;
				CLANG_WARN__DUPLICATE_METHOD_MATCH = YES;
				COPY_PHASE_STRIP = NO;
				DEBUG_INFORMATION_FORMAT = dwarf;
				ENABLE_STRICT_OBJC_MSGSEND = YES;
				ENABLE_TESTABILITY = YES;
				GCC_C_LANGUAGE_STANDARD = gnu11;
				GCC_DYNAMIC_NO_PIC = NO;
				GCC_NO_COMMON_BLOCKS = YES;
				GCC_OPTIMIZATION_LEVEL = 0;
				GCC_PREPROCESSOR_DEFINITIONS = (
					"DEBUG=1",
					"$(inherited)",
				);
				GCC_WARN_64_TO_32_BIT_CONVERSION = YES;
				GCC_WARN_ABOUT_RETURN_TYPE = YES_ERROR;
				GCC_WARN_UNDECLARED_SELECTOR = YES;
				GCC_WARN_UNINITIALIZED_AUTOS = YES_AGGRESSIVE;
				GCC_WARN_UNUSED_FUNCTION = YES;
				GCC_WARN_UNUSED_VARIABLE = YES;
				IPHONEOS_DEPLOYMENT_TARGET = 13.0;
				MTL_ENABLE_DEBUG_INFO = INCLUDE_SOURCE;
				MTL_FAST_MATH = YES;
				ONLY_ACTIVE_ARCH = YES;
				SDKROOT = iphoneos;
				SWIFT_ACTIVE_COMPILATION_CONDITIONS = DEBUG;
				SWIFT_OPTIMIZATION_LEVEL = "-Onone";
			};
			name = Debug;
		};
		524C6CFE2346FD6100D61F32 /* Release */ = {
			isa = XCBuildConfiguration;
			buildSettings = {
				ALWAYS_SEARCH_USER_PATHS = NO;
				CLANG_ANALYZER_NONNULL = YES;
				CLANG_ANALYZER_NUMBER_OBJECT_CONVERSION = YES_AGGRESSIVE;
				CLANG_CXX_LANGUAGE_STANDARD = "gnu++14";
				CLANG_CXX_LIBRARY = "libc++";
				CLANG_ENABLE_MODULES = YES;
				CLANG_ENABLE_OBJC_ARC = YES;
				CLANG_ENABLE_OBJC_WEAK = YES;
				CLANG_WARN_BLOCK_CAPTURE_AUTORELEASING = YES;
				CLANG_WARN_BOOL_CONVERSION = YES;
				CLANG_WARN_COMMA = YES;
				CLANG_WARN_CONSTANT_CONVERSION = YES;
				CLANG_WARN_DEPRECATED_OBJC_IMPLEMENTATIONS = YES;
				CLANG_WARN_DIRECT_OBJC_ISA_USAGE = YES_ERROR;
				CLANG_WARN_DOCUMENTATION_COMMENTS = YES;
				CLANG_WARN_EMPTY_BODY = YES;
				CLANG_WARN_ENUM_CONVERSION = YES;
				CLANG_WARN_INFINITE_RECURSION = YES;
				CLANG_WARN_INT_CONVERSION = YES;
				CLANG_WARN_NON_LITERAL_NULL_CONVERSION = YES;
				CLANG_WARN_OBJC_IMPLICIT_RETAIN_SELF = YES;
				CLANG_WARN_OBJC_LITERAL_CONVERSION = YES;
				CLANG_WARN_OBJC_ROOT_CLASS = YES_ERROR;
				CLANG_WARN_RANGE_LOOP_ANALYSIS = YES;
				CLANG_WARN_STRICT_PROTOTYPES = YES;
				CLANG_WARN_SUSPICIOUS_MOVE = YES;
				CLANG_WARN_UNGUARDED_AVAILABILITY = YES_AGGRESSIVE;
				CLANG_WARN_UNREACHABLE_CODE = YES;
				CLANG_WARN__DUPLICATE_METHOD_MATCH = YES;
				COPY_PHASE_STRIP = NO;
				DEBUG_INFORMATION_FORMAT = "dwarf-with-dsym";
				ENABLE_NS_ASSERTIONS = NO;
				ENABLE_STRICT_OBJC_MSGSEND = YES;
				GCC_C_LANGUAGE_STANDARD = gnu11;
				GCC_NO_COMMON_BLOCKS = YES;
				GCC_WARN_64_TO_32_BIT_CONVERSION = YES;
				GCC_WARN_ABOUT_RETURN_TYPE = YES_ERROR;
				GCC_WARN_UNDECLARED_SELECTOR = YES;
				GCC_WARN_UNINITIALIZED_AUTOS = YES_AGGRESSIVE;
				GCC_WARN_UNUSED_FUNCTION = YES;
				GCC_WARN_UNUSED_VARIABLE = YES;
				IPHONEOS_DEPLOYMENT_TARGET = 13.0;
				MTL_ENABLE_DEBUG_INFO = NO;
				MTL_FAST_MATH = YES;
				SDKROOT = iphoneos;
				SWIFT_COMPILATION_MODE = wholemodule;
				SWIFT_OPTIMIZATION_LEVEL = "-O";
				VALIDATE_PRODUCT = YES;
			};
			name = Release;
		};
		524C6D002346FD6100D61F32 /* Debug */ = {
			isa = XCBuildConfiguration;
			buildSettings = {
				ASSETCATALOG_COMPILER_APPICON_NAME = AppIcon;
				CODE_SIGN_STYLE = Automatic;
				DEVELOPMENT_TEAM = CYJWF25337;
				INFOPLIST_FILE = changeBtn/Info.plist;
				LD_RUNPATH_SEARCH_PATHS = (
					"$(inherited)",
					"@executable_path/Frameworks",
				);
				PRODUCT_BUNDLE_IDENTIFIER = com.hyunji.changeBtn;
				PRODUCT_NAME = "$(TARGET_NAME)";
				SWIFT_VERSION = 5.0;
				TARGETED_DEVICE_FAMILY = "1,2";
			};
			name = Debug;
		};
		524C6D012346FD6100D61F32 /* Release */ = {
			isa = XCBuildConfiguration;
			buildSettings = {
				ASSETCATALOG_COMPILER_APPICON_NAME = AppIcon;
				CODE_SIGN_STYLE = Automatic;
				DEVELOPMENT_TEAM = CYJWF25337;
				INFOPLIST_FILE = changeBtn/Info.plist;
				LD_RUNPATH_SEARCH_PATHS = (
					"$(inherited)",
					"@executable_path/Frameworks",
				);
				PRODUCT_BUNDLE_IDENTIFIER = com.hyunji.changeBtn;
				PRODUCT_NAME = "$(TARGET_NAME)";
				SWIFT_VERSION = 5.0;
				TARGETED_DEVICE_FAMILY = "1,2";
			};
			name = Release;
		};
/* End XCBuildConfiguration section */

/* Begin XCConfigurationList section */
		524C6CE62346FD5C00D61F32 /* Build configuration list for PBXProject "changeBtn" */ = {
			isa = XCConfigurationList;
			buildConfigurations = (
				524C6CFD2346FD6100D61F32 /* Debug */,
				524C6CFE2346FD6100D61F32 /* Release */,
			);
			defaultConfigurationIsVisible = 0;
			defaultConfigurationName = Release;
		};
		524C6CFF2346FD6100D61F32 /* Build configuration list for PBXNativeTarget "changeBtn" */ = {
			isa = XCConfigurationList;
			buildConfigurations = (
				524C6D002346FD6100D61F32 /* Debug */,
				524C6D012346FD6100D61F32 /* Release */,
			);
			defaultConfigurationIsVisible = 0;
			defaultConfigurationName = Release;
		};
/* End XCConfigurationList section */
	};
	rootObject = 524C6CE32346FD5C00D61F32 /* Project object */;
}
