PODS:
  - FBSDKCoreKit (5.12.0):
    - FBSDKCoreKit/Basics (= 5.12.0)
    - FBSDKCoreKit/Core (= 5.12.0)
  - FBSDKCoreKit/Basics (5.12.0)
  - FBSDKCoreKit/Core (5.12.0):
    - FBSDKCoreKit/Basics
  - FBSDKLoginKit (5.11.1):
    - FBSDKLoginKit/Login (= 5.11.1)
  - FBSDKLoginKit/Login (5.11.1):
    - FBSDKCoreKit (~> 5.0)

DEPENDENCIES:
  - FBSDKLoginKit

SPEC REPOS:
  trunk:
    - FBSDKCoreKit
    - FBSDKLoginKit

SPEC CHECKSUMS:
  FBSDKCoreKit: fa3ac4dc9b1afc9ae70b3de4dd704d1b6aeeed0d
  FBSDKLoginKit: 0e4572e0279e477103b57978e3ea05fac1dd673d

PODFILE CHECKSUM: bb607cee4e35119f5cc67d73a8d49b033c1ad0fd

COCOAPODS: 1.8.4
